
Microsoft Visual Studio Solution File, Format Version 12.00
# Visual Studio Version 16
VisualStudioVersion = 16.0.30907.101
MinimumVisualStudioVersion = 10.0.40219.1
Project("{9A19103F-16F7-4668-BE54-9A1E7A4F7556}") = "methots", "methots\methots.csproj", "{FFC3AD28-3049-4459-A046-002A30E82634}"
EndProject
Global
	GlobalSection(SolutionConfigurationPlatforms) = preSolution
		Debug|Any CPU = Debug|Any CPU
		Release|Any CPU = Release|Any CPU
	EndGlobalSection
	GlobalSection(ProjectConfigurationPlatforms) = postSolution
		{FFC3AD28-3049-4459-A046-002A30E82634}.Debug|Any CPU.ActiveCfg = Debug|Any CPU
		{FFC3AD28-3049-4459-A046-002A30E82634}.Debug|Any CPU.Build.0 = Debug|Any CPU
		{FFC3AD28-3049-4459-A046-002A30E82634}.Release|Any CPU.ActiveCfg = Release|Any CPU
		{FFC3AD28-3049-4459-A046-002A30E82634}.Release|Any CPU.Build.0 = Release|Any CPU
	EndGlobalSection
	GlobalSection(SolutionProperties) = preSolution
		HideSolutionNode = FALSE
	EndGlobalSection
	GlobalSection(ExtensibilityGlobals) = postSolution
		SolutionGuid = {18324E0C-30CC-4139-9CD9-449849801087}
	EndGlobalSection
EndGlobal
